
Microsoft Visual Studio Solution File, Format Version 12.00
# Visual Studio Version 17
VisualStudioVersion = 17.2.32630.192
MinimumVisualStudioVersion = 10.0.40219.1
Project("{FAE04EC0-301F-11D3-BF4B-00C04F79EFBC}") = "Xero", "Xero.csproj", "{1F2F2B2D-5B8F-4DCB-82AC-99684E51C330}"
EndProject
Global
	GlobalSection(SolutionConfigurationPlatforms) = preSolution
		Debug|Any CPU = Debug|Any CPU
		Release|Any CPU = Release|Any CPU
	EndGlobalSection
	GlobalSection(ProjectConfigurationPlatforms) = postSolution
		{1F2F2B2D-5B8F-4DCB-82AC-99684E51C330}.Debug|Any CPU.ActiveCfg = Debug|Any CPU
		{1F2F2B2D-5B8F-4DCB-82AC-99684E51C330}.Debug|Any CPU.Build.0 = Debug|Any CPU
		{1F2F2B2D-5B8F-4DCB-82AC-99684E51C330}.Release|Any CPU.ActiveCfg = Release|Any CPU
		{1F2F2B2D-5B8F-4DCB-82AC-99684E51C330}.Release|Any CPU.Build.0 = Release|Any CPU
	EndGlobalSection
	GlobalSection(SolutionProperties) = preSolution
		HideSolutionNode = FALSE
	EndGlobalSection
	GlobalSection(ExtensibilityGlobals) = postSolution
		SolutionGuid = {997005D2-D388-405E-A339-3ADE1D29C8CB}
	EndGlobalSection
EndGlobal
